{
  "name": "Christmas-Shop-Part-1-Fixed-Layout",
  "lockfileVersion": 3,
  "requires": true,
  "packages": {
    "": {
      "dependencies": {
        "stage-js": "^1.0.0-alpha.12"
      }
    },
    "node_modules/stage-js": {
      "version": "1.0.0-alpha.12",
      "resolved": "https://registry.npmjs.org/stage-js/-/stage-js-1.0.0-alpha.12.tgz",
      "integrity": "sha512-DFjjkdXe55Vg0hmtb5UFxXfYTXsje+XhPGW7Kp20WdBfochpGp+QL4Cxs0kbH08/tV674Xu/LBbIOX3vITMCfw==",
      "engines": {
        "node": ">=18.0"
      }
    }
  }
}
